
Microsoft Visual Studio Solution File, Format Version 12.00
# Visual Studio Version 17
VisualStudioVersion = 17.11.35222.181
MinimumVisualStudioVersion = 10.0.40219.1
Project("{FAE04EC0-301F-11D3-BF4B-00C04F79EFBC}") = "travelApp1", "travelApp1\travelApp1.csproj", "{6BFC67AB-3409-4033-83E2-DF053EA17372}"
EndProject
Project("{54435603-DBB4-11D2-8724-00A0C9A8B90C}") = "TravelApp", "TravelApp\TravelApp.vdproj", "{08595CD6-8489-4F64-ADF1-B10DCC394071}"
EndProject
Global
	GlobalSection(SolutionConfigurationPlatforms) = preSolution
		Debug|Any CPU = Debug|Any CPU
		Release|Any CPU = Release|Any CPU
	EndGlobalSection
	GlobalSection(ProjectConfigurationPlatforms) = postSolution
		{6BFC67AB-3409-4033-83E2-DF053EA17372}.Debug|Any CPU.ActiveCfg = Debug|Any CPU
		{6BFC67AB-3409-4033-83E2-DF053EA17372}.Debug|Any CPU.Build.0 = Debug|Any CPU
		{6BFC67AB-3409-4033-83E2-DF053EA17372}.Release|Any CPU.ActiveCfg = Release|Any CPU
		{6BFC67AB-3409-4033-83E2-DF053EA17372}.Release|Any CPU.Build.0 = Release|Any CPU
		{08595CD6-8489-4F64-ADF1-B10DCC394071}.Debug|Any CPU.ActiveCfg = Debug
		{08595CD6-8489-4F64-ADF1-B10DCC394071}.Release|Any CPU.ActiveCfg = Release
	EndGlobalSection
	GlobalSection(SolutionProperties) = preSolution
		HideSolutionNode = FALSE
	EndGlobalSection
	GlobalSection(ExtensibilityGlobals) = postSolution
		SolutionGuid = {FD7CC73B-0998-4498-94E1-A1DCDFB99B8B}
	EndGlobalSection
EndGlobal
